dependencies:
- name: infrastructure
  repository: ""
  version: 0.1.0
- name: audit
  repository: ""
  version: 0.1.0
- name: id-bridge
  repository: ""
  version: 0.1.0
- name: sandbox-a
  repository: ""
  version: 0.1.0
- name: sandbox-b
  repository: ""
  version: 0.1.0
- name: gateway
  repository: ""
  version: 0.1.0
- name: postgres-gateway
  repository: ""
  version: 0.1.0
- name: observability
  repository: ""
  version: 0.1.0
- name: demo
  repository: ""
  version: 0.1.0
- name: ingest
  repository: ""
  version: 0.1.0
- name: admin
  repository: ""
  version: 0.1.0
- name: veil-witness
  repository: ""
  version: 0.1.0
- name: dsa-certification
  repository: ""
  version: 0.1.0
- name: dashboard
  repository: ""
  version: 0.8.2
digest: sha256:93d14ef1cd95ae333ac657dba7dfc6d7a0407b77988f8b24c4541eeda5a76e41
generated: "2026-05-28T22:46:30.742009+02:00"
