dependencies:
- name: infrastructure
  repository: ""
  version: 0.1.0
- name: audit
  repository: ""
  version: 0.1.0
- name: id-bridge
  repository: ""
  version: 0.1.0
- name: sandbox-a
  repository: ""
  version: 0.1.0
- name: sandbox-b
  repository: ""
  version: 0.1.0
- name: gateway
  repository: ""
  version: 0.1.0
- name: observability
  repository: ""
  version: 0.1.0
- name: demo
  repository: ""
  version: 0.1.0
- name: ingest
  repository: ""
  version: 0.1.0
- name: admin
  repository: ""
  version: 0.1.0
- name: veil-witness
  repository: ""
  version: 0.1.0
- name: dsa-certification
  repository: ""
  version: 0.1.0
- name: dashboard
  repository: ""
  version: 0.6.0
digest: sha256:ae7039498cb91cd9d365cac3afd9a70c7514a74d2b5d3aa7f81c430b54b13f33
generated: "2026-05-21T11:50:27.331688+02:00"
